// !$*UTF8*$!
{
	archiveVersion = 1;
	classes = {
	};
	objectVersion = 55;
	objects = {

/* Begin PBXBuildFile section */
		BD80CE412833B20500C8F6AF /* AppDelegate.swift in Sources */ = {isa = PBXBuildFile; fileRef = BD80CE402833B20500C8F6AF /* AppDelegate.swift */; };
		BD80CE432833B20500C8F6AF /* SceneDelegate.swift in Sources */ = {isa = PBXBuildFile; fileRef = BD80CE422833B20500C8F6AF /* SceneDelegate.swift */; };
		BD80CE452833B20500C8F6AF /* ViewController.swift in Sources */ = {isa = PBXBuildFile; fileRef = BD80CE442833B20500C8F6AF /* ViewController.swift */; };
		BD80CE482833B20500C8F6AF /* Main.storyboard in Resources */ = {isa = PBXBuildFile; fileRef = BD80CE462833B20500C8F6AF /* Main.storyboard */; };
		BD80CE4A2833B20600C8F6AF /* Assets.xcassets in Resources */ = {isa = PBXBuildFile; fileRef = BD80CE492833B20600C8F6AF /* Assets.xcassets */; };
		BD80CE4D2833B20600C8F6AF /* LaunchScreen.storyboard in Resources */ = {isa = PBXBuildFile; fileRef = BD80CE4B2833B20600C8F6AF /* LaunchScreen.storyboard */; };
		BD80CE552833B36200C8F6AF /* Animator.swift in Sources */ = {isa = PBXBuildFile; fileRef = BD80CE542833B36200C8F6AF /* Animator.swift */; };
		BD80CE572833B3CC00C8F6AF /* RedViewController.swift in Sources */ = {isa = PBXBuildFile; fileRef = BD80CE562833B3CC00C8F6AF /* RedViewController.swift */; };
		BD95A18428368A7C00DAE72B /* GrayViewController.swift in Sources */ = {isa = PBXBuildFile; fileRef = BD95A18328368A7C00DAE72B /* GrayViewController.swift */; };
/* End PBXBuildFile section */

/* Begin PBXFileReference section */
		BD80CE3D2833B20500C8F6AF /* TransitionVC.app */ = {isa = PBXFileReference; explicitFileType = wrapper.application; includeInIndex = 0; path = TransitionVC.app; sourceTree = BUILT_PRODUCTS_DIR; };
		BD80CE402833B20500C8F6AF /* AppDelegate.swift */ = {isa = PBXFileReference; lastKnownFileType = sourcecode.swift; path = AppDelegate.swift; sourceTree = "<group>"; };
		BD80CE422833B20500C8F6AF /* SceneDelegate.swift */ = {isa = PBXFileReference; lastKnownFileType = sourcecode.swift; path = SceneDelegate.swift; sourceTree = "<group>"; };
		BD80CE442833B20500C8F6AF /* ViewController.swift */ = {isa = PBXFileReference; lastKnownFileType = sourcecode.swift; path = ViewController.swift; sourceTree = "<group>"; };
		BD80CE472833B20500C8F6AF /* Base */ = {isa = PBXFileReference; lastKnownFileType = file.storyboard; name = Base; path = Base.lproj/Main.storyboard; sourceTree = "<group>"; };
		BD80CE492833B20600C8F6AF /* Assets.xcassets */ = {isa = PBXFileReference; lastKnownFileType = folder.assetcatalog; path = Assets.xcassets; sourceTree = "<group>"; };
		BD80CE4C2833B20600C8F6AF /* Base */ = {isa = PBXFileReference; lastKnownFileType = file.storyboard; name = Base; path = Base.lproj/LaunchScreen.storyboard; sourceTree = "<group>"; };
		BD80CE4E2833B20600C8F6AF /* Info.plist */ = {isa = PBXFileReference; lastKnownFileType = text.plist.xml; path = Info.plist; sourceTree = "<group>"; };
		BD80CE542833B36200C8F6AF /* Animator.swift */ = {isa = PBXFileReference; lastKnownFileType = sourcecode.swift; path = Animator.swift; sourceTree = "<group>"; };
		BD80CE562833B3CC00C8F6AF /* RedViewController.swift */ = {isa = PBXFileReference; lastKnownFileType = sourcecode.swift; path = RedViewController.swift; sourceTree = "<group>"; };
		BD95A18328368A7C00DAE72B /* GrayViewController.swift */ = {isa = PBXFileReference; lastKnownFileType = sourcecode.swift; path = GrayViewController.swift; sourceTree = "<group>"; };
/* End PBXFileReference section */

/* Begin PBXFrameworksBuildPhase section */
		BD80CE3A2833B20500C8F6AF /* Frameworks */ = {
			isa = PBXFrameworksBuildPhase;
			buildActionMask = 2147483647;
			files = (
			);
			runOnlyForDeploymentPostprocessing = 0;
		};
/* End PBXFrameworksBuildPhase section */

/* Begin PBXGroup section */
		BD80CE342833B20500C8F6AF = {
			isa = PBXGroup;
			children = (
				BD80CE3F2833B20500C8F6AF /* TransitionVC */,
				BD80CE3E2833B20500C8F6AF /* Products */,
			);
			sourceTree = "<group>";
		};
		BD80CE3E2833B20500C8F6AF /* Products */ = {
			isa = PBXGroup;
			children = (
				BD80CE3D2833B20500C8F6AF /* TransitionVC.app */,
			);
			name = Products;
			sourceTree = "<group>";
		};
		BD80CE3F2833B20500C8F6AF /* TransitionVC */ = {
			isa = PBXGroup;
			children = (
				BD80CE402833B20500C8F6AF /* AppDelegate.swift */,
				BD80CE422833B20500C8F6AF /* SceneDelegate.swift */,
				BD80CE562833B3CC00C8F6AF /* RedViewController.swift */,
				BD95A18328368A7C00DAE72B /* GrayViewController.swift */,
				BD80CE442833B20500C8F6AF /* ViewController.swift */,
				BD80CE542833B36200C8F6AF /* Animator.swift */,
				BD80CE462833B20500C8F6AF /* Main.storyboard */,
				BD80CE492833B20600C8F6AF /* Assets.xcassets */,
				BD80CE4B2833B20600C8F6AF /* LaunchScreen.storyboard */,
				BD80CE4E2833B20600C8F6AF /* Info.plist */,
			);
			path = TransitionVC;
			sourceTree = "<group>";
		};
/* End PBXGroup section */

/* Begin PBXNativeTarget section */
		BD80CE3C2833B20500C8F6AF /* TransitionVC */ = {
			isa = PBXNativeTarget;
			buildConfigurationList = BD80CE512833B20600C8F6AF /* Build configuration list for PBXNativeTarget "TransitionVC" */;
			buildPhases = (
				BD80CE392833B20500C8F6AF /* Sources */,
				BD80CE3A2833B20500C8F6AF /* Frameworks */,
				BD80CE3B2833B20500C8F6AF /* Resources */,
			);
			buildRules = (
			);
			dependencies = (
			);
			name = TransitionVC;
			productName = TransitionVC;
			productReference = BD80CE3D2833B20500C8F6AF /* TransitionVC.app */;
			productType = "com.apple.product-type.application";
		};
/* End PBXNativeTarget section */

/* Begin PBXProject section */
		BD80CE352833B20500C8F6AF /* Project object */ = {
			isa = PBXProject;
			attributes = {
				BuildIndependentTargetsInParallel = 1;
				LastSwiftUpdateCheck = 1330;
				LastUpgradeCheck = 1330;
				TargetAttributes = {
					BD80CE3C2833B20500C8F6AF = {
						CreatedOnToolsVersion = 13.3.1;
					};
				};
			};
			buildConfigurationList = BD80CE382833B20500C8F6AF /* Build configuration list for PBXProject "TransitionVC" */;
			compatibilityVersion = "Xcode 13.0";
			developmentRegion = en;
			hasScannedForEncodings = 0;
			knownRegions = (
				en,
				Base,
			);
			mainGroup = BD80CE342833B20500C8F6AF;
			productRefGroup = BD80CE3E2833B20500C8F6AF /* Products */;
			projectDirPath = "";
			projectRoot = "";
			targets = (
				BD80CE3C2833B20500C8F6AF /* TransitionVC */,
			);
		};
/* End PBXProject section */

/* Begin PBXResourcesBuildPhase section */
		BD80CE3B2833B20500C8F6AF /* Resources */ = {
			isa = PBXResourcesBuildPhase;
			buildActionMask = 2147483647;
			files = (
				BD80CE4D2833B20600C8F6AF /* LaunchScreen.storyboard in Resources */,
				BD80CE4A2833B20600C8F6AF /* Assets.xcassets in Resources */,
				BD80CE482833B20500C8F6AF /* Main.storyboard in Resources */,
			);
			runOnlyForDeploymentPostprocessing = 0;
		};
/* End PBXResourcesBuildPhase section */

/* Begin PBXSourcesBuildPhase section */
		BD80CE392833B20500C8F6AF /* Sources */ = {
			isa = PBXSourcesBuildPhase;
			buildActionMask = 2147483647;
			files = (
				BD80CE552833B36200C8F6AF /* Animator.swift in Sources */,
				BD80CE572833B3CC00C8F6AF /* RedViewController.swift in Sources */,
				BD80CE452833B20500C8F6AF /* ViewController.swift in Sources */,
				BD95A18428368A7C00DAE72B /* GrayViewController.swift in Sources */,
				BD80CE412833B20500C8F6AF /* AppDelegate.swift in Sources */,
				BD80CE432833B20500C8F6AF /* SceneDelegate.swift in Sources */,
			);
			runOnlyForDeploymentPostprocessing = 0;
		};
/* End PBXSourcesBuildPhase section */

/* Begin PBXVariantGroup section */
		BD80CE462833B20500C8F6AF /* Main.storyboard */ = {
			isa = PBXVariantGroup;
			children = (
				BD80CE472833B20500C8F6AF /* Base */,
			);
			name = Main.storyboard;
			sourceTree = "<group>";
		};
		BD80CE4B2833B20600C8F6AF /* LaunchScreen.storyboard */ = {
			isa = PBXVariantGroup;
			children = (
				BD80CE4C2833B20600C8F6AF /* Base */,
			);
			name = LaunchScreen.storyboard;
			sourceTree = "<group>";
		};
/* End PBXVariantGroup section */

/* Begin XCBuildConfiguration section */
		BD80CE4F2833B20600C8F6AF /* Debug */ = {
			isa = XCBuildConfiguration;
			buildSettings = {
				ALWAYS_SEARCH_USER_PATHS = NO;
				CLANG_ANALYZER_NONNULL = YES;
				CLANG_ANALYZER_NUMBER_OBJECT_CONVERSION = YES_AGGRESSIVE;
				CLANG_CXX_LANGUAGE_STANDARD = "gnu++17";
				CLANG_ENABLE_MODULES = YES;
				CLANG_ENABLE_OBJC_ARC = YES;
				CLANG_ENABLE_OBJC_WEAK = YES;
				CLANG_WARN_BLOCK_CAPTURE_AUTORELEASING = YES;
				CLANG_WARN_BOOL_CONVERSION = YES;
				CLANG_WARN_COMMA = YES;
				CLANG_WARN_CONSTANT_CONVERSION = YES;
				CLANG_WARN_DEPRECATED_OBJC_IMPLEMENTATIONS = YES;
				CLANG_WARN_DIRECT_OBJC_ISA_USAGE = YES_ERROR;
				CLANG_WARN_DOCUMENTATION_COMMENTS = YES;
				CLANG_WARN_EMPTY_BODY = YES;
				CLANG_WARN_ENUM_CONVERSION = YES;
				CLANG_WARN_INFINITE_RECURSION = YES;
				CLANG_WARN_INT_CONVERSION = YES;
				CLANG_WARN_NON_LITERAL_NULL_CONVERSION = YES;
				CLANG_WARN_OBJC_IMPLICIT_RETAIN_SELF = YES;
				CLANG_WARN_OBJC_LITERAL_CONVERSION = YES;
				CLANG_WARN_OBJC_ROOT_CLASS = YES_ERROR;
				CLANG_WARN_QUOTED_INCLUDE_IN_FRAMEWORK_HEADER = YES;
				CLANG_WARN_RANGE_LOOP_ANALYSIS = YES;
				CLANG_WARN_STRICT_PROTOTYPES = YES;
				CLANG_WARN_SUSPICIOUS_MOVE = YES;
				CLANG_WARN_UNGUARDED_AVAILABILITY = YES_AGGRESSIVE;
				CLANG_WARN_UNREACHABLE_CODE = YES;
				CLANG_WARN__DUPLICATE_METHOD_MATCH = YES;
				COPY_PHASE_STRIP = NO;
				DEBUG_INFORMATION_FORMAT = dwarf;
				ENABLE_STRICT_OBJC_MSGSEND = YES;
				ENABLE_TESTABILITY = YES;
				GCC_C_LANGUAGE_STANDARD = gnu11;
				GCC_DYNAMIC_NO_PIC = NO;
				GCC_NO_COMMON_BLOCKS = YES;
				GCC_OPTIMIZATION_LEVEL = 0;
				GCC_PREPROCESSOR_DEFINITIONS = (
					"DEBUG=1",
					"$(inherited)",
				);
				GCC_WARN_64_TO_32_BIT_CONVERSION = YES;
				GCC_WARN_ABOUT_RETURN_TYPE = YES_ERROR;
				GCC_WARN_UNDECLARED_SELECTOR = YES;
				GCC_WARN_UNINITIALIZED_AUTOS = YES_AGGRESSIVE;
				GCC_WARN_UNUSED_FUNCTION = YES;
				GCC_WARN_UNUSED_VARIABLE = YES;
				IPHONEOS_DEPLOYMENT_TARGET = 15.4;
				MTL_ENABLE_DEBUG_INFO = INCLUDE_SOURCE;
				MTL_FAST_MATH = YES;
				ONLY_ACTIVE_ARCH = YES;
				SDKROOT = iphoneos;
				SWIFT_ACTIVE_COMPILATION_CONDITIONS = DEBUG;
				SWIFT_OPTIMIZATION_LEVEL = "-Onone";
			};
			name = Debug;
		};
		BD80CE502833B20600C8F6AF /* Release */ = {
			isa = XCBuildConfiguration;
			buildSettings = {
				ALWAYS_SEARCH_USER_PATHS = NO;
				CLANG_ANALYZER_NONNULL = YES;
				CLANG_ANALYZER_NUMBER_OBJECT_CONVERSION = YES_AGGRESSIVE;
				CLANG_CXX_LANGUAGE_STANDARD = "gnu++17";
				CLANG_ENABLE_MODULES = YES;
				CLANG_ENABLE_OBJC_ARC = YES;
				CLANG_ENABLE_OBJC_WEAK = YES;
				CLANG_WARN_BLOCK_CAPTURE_AUTORELEASING = YES;
				CLANG_WARN_BOOL_CONVERSION = YES;
				CLANG_WARN_COMMA = YES;
				CLANG_WARN_CONSTANT_CONVERSION = YES;
				CLANG_WARN_DEPRECATED_OBJC_IMPLEMENTATIONS = YES;
				CLANG_WARN_DIRECT_OBJC_ISA_USAGE = YES_ERROR;
				CLANG_WARN_DOCUMENTATION_COMMENTS = YES;
				CLANG_WARN_EMPTY_BODY = YES;
				CLANG_WARN_ENUM_CONVERSION = YES;
				CLANG_WARN_INFINITE_RECURSION = YES;
				CLANG_WARN_INT_CONVERSION = YES;
				CLANG_WARN_NON_LITERAL_NULL_CONVERSION = YES;
				CLANG_WARN_OBJC_IMPLICIT_RETAIN_SELF = YES;
				CLANG_WARN_OBJC_LITERAL_CONVERSION = YES;
				CLANG_WARN_OBJC_ROOT_CLASS = YES_ERROR;
				CLANG_WARN_QUOTED_INCLUDE_IN_FRAMEWORK_HEADER = YES;
				CLANG_WARN_RANGE_LOOP_ANALYSIS = YES;
				CLANG_WARN_STRICT_PROTOTYPES = YES;
				CLANG_WARN_SUSPICIOUS_MOVE = YES;
				CLANG_WARN_UNGUARDED_AVAILABILITY = YES_AGGRESSIVE;
				CLANG_WARN_UNREACHABLE_CODE = YES;
				CLANG_WARN__DUPLICATE_METHOD_MATCH = YES;
				COPY_PHASE_STRIP = NO;
				DEBUG_INFORMATION_FORMAT = "dwarf-with-dsym";
				ENABLE_NS_ASSERTIONS = NO;
				ENABLE_STRICT_OBJC_MSGSEND = YES;
				GCC_C_LANGUAGE_STANDARD = gnu11;
				GCC_NO_COMMON_BLOCKS = YES;
				GCC_WARN_64_TO_32_BIT_CONVERSION = YES;
				GCC_WARN_ABOUT_RETURN_TYPE = YES_ERROR;
				GCC_WARN_UNDECLARED_SELECTOR = YES;
				GCC_WARN_UNINITIALIZED_AUTOS = YES_AGGRESSIVE;
				GCC_WARN_UNUSED_FUNCTION = YES;
				GCC_WARN_UNUSED_VARIABLE = YES;
				IPHONEOS_DEPLOYMENT_TARGET = 15.4;
				MTL_ENABLE_DEBUG_INFO = NO;
				MTL_FAST_MATH = YES;
				SDKROOT = iphoneos;
				SWIFT_COMPILATION_MODE = wholemodule;
				SWIFT_OPTIMIZATION_LEVEL = "-O";
				VALIDATE_PRODUCT = YES;
			};
			name = Release;
		};
		BD80CE522833B20600C8F6AF /* Debug */ = {
			isa = XCBuildConfiguration;
			buildSettings = {
				ASSETCATALOG_COMPILER_APPICON_NAME = AppIcon;
				ASSETCATALOG_COMPILER_GLOBAL_ACCENT_COLOR_NAME = AccentColor;
				CODE_SIGN_STYLE = Automatic;
				CURRENT_PROJECT_VERSION = 1;
				DEVELOPMENT_TEAM = 893MBG29X2;
				GENERATE_INFOPLIST_FILE = YES;
				INFOPLIST_FILE = TransitionVC/Info.plist;
				INFOPLIST_KEY_UIApplicationSupportsIndirectInputEvents = YES;
				INFOPLIST_KEY_UILaunchStoryboardName = LaunchScreen;
				INFOPLIST_KEY_UIMainStoryboardFile = Main;
				INFOPLIST_KEY_UISupportedInterfaceOrientations_iPad = "UIInterfaceOrientationPortrait UIInterfaceOrientationPortraitUpsideDown UIInterfaceOrientationLandscapeLeft UIInterfaceOrientationLandscapeRight";
				INFOPLIST_KEY_UISupportedInterfaceOrientations_iPhone = "UIInterfaceOrientationPortrait UIInterfaceOrientationLandscapeLeft UIInterfaceOrientationLandscapeRight";
				LD_RUNPATH_SEARCH_PATHS = (
					"$(inherited)",
					"@executable_path/Frameworks",
				);
				MARKETING_VERSION = 1.0;
				PRODUCT_BUNDLE_IDENTIFIER = anton.TransitionVC;
				PRODUCT_NAME = "$(TARGET_NAME)";
				SWIFT_EMIT_LOC_STRINGS = YES;
				SWIFT_VERSION = 5.0;
				TARGETED_DEVICE_FAMILY = "1,2";
			};
			name = Debug;
		};
		BD80CE532833B20600C8F6AF /* Release */ = {
			isa = XCBuildConfiguration;
			buildSettings = {
				ASSETCATALOG_COMPILER_APPICON_NAME = AppIcon;
				ASSETCATALOG_COMPILER_GLOBAL_ACCENT_COLOR_NAME = AccentColor;
				CODE_SIGN_STYLE = Automatic;
				CURRENT_PROJECT_VERSION = 1;
				DEVELOPMENT_TEAM = 893MBG29X2;
				GENERATE_INFOPLIST_FILE = YES;
				INFOPLIST_FILE = TransitionVC/Info.plist;
				INFOPLIST_KEY_UIApplicationSupportsIndirectInputEvents = YES;
				INFOPLIST_KEY_UILaunchStoryboardName = LaunchScreen;
				INFOPLIST_KEY_UIMainStoryboardFile = Main;
				INFOPLIST_KEY_UISupportedInterfaceOrientations_iPad = "UIInterfaceOrientationPortrait UIInterfaceOrientationPortraitUpsideDown UIInterfaceOrientationLandscapeLeft UIInterfaceOrientationLandscapeRight";
				INFOPLIST_KEY_UISupportedInterfaceOrientations_iPhone = "UIInterfaceOrientationPortrait UIInterfaceOrientationLandscapeLeft UIInterfaceOrientationLandscapeRight";
				LD_RUNPATH_SEARCH_PATHS = (
					"$(inherited)",
					"@executable_path/Frameworks",
				);
				MARKETING_VERSION = 1.0;
				PRODUCT_BUNDLE_IDENTIFIER = anton.TransitionVC;
				PRODUCT_NAME = "$(TARGET_NAME)";
				SWIFT_EMIT_LOC_STRINGS = YES;
				SWIFT_VERSION = 5.0;
				TARGETED_DEVICE_FAMILY = "1,2";
			};
			name = Release;
		};
/* End XCBuildConfiguration section */

/* Begin XCConfigurationList section */
		BD80CE382833B20500C8F6AF /* Build configuration list for PBXProject "TransitionVC" */ = {
			isa = XCConfigurationList;
			buildConfigurations = (
				BD80CE4F2833B20600C8F6AF /* Debug */,
				BD80CE502833B20600C8F6AF /* Release */,
			);
			defaultConfigurationIsVisible = 0;
			defaultConfigurationName = Release;
		};
		BD80CE512833B20600C8F6AF /* Build configuration list for PBXNativeTarget "TransitionVC" */ = {
			isa = XCConfigurationList;
			buildConfigurations = (
				BD80CE522833B20600C8F6AF /* Debug */,
				BD80CE532833B20600C8F6AF /* Release */,
			);
			defaultConfigurationIsVisible = 0;
			defaultConfigurationName = Release;
		};
/* End XCConfigurationList section */
	};
	rootObject = BD80CE352833B20500C8F6AF /* Project object */;
}
